// !$*UTF8*$!
{
	archiveVersion = 1;
	classes = {
	};
	objectVersion = 50;
	objects = {

/* Begin PBXBuildFile section */
		32B027BC7A426C1057A4B83C /* Pods_SecureMatrixAutoLogin.framework in Frameworks */ = {isa = PBXBuildFile; fileRef = 9B19D16FC90BCB07D10A0D5F /* Pods_SecureMatrixAutoLogin.framework */; };
		43A6C0CD546A03255F171BF5 /* Pods_SecureMatrixAutoLoginUITests.framework in Frameworks */ = {isa = PBXBuildFile; fileRef = 0B21CF7A254D1C3C6D7EF0C7 /* Pods_SecureMatrixAutoLoginUITests.framework */; };
		9152311720DACA05008BC59D /* PasswordCell.swift in Sources */ = {isa = PBXBuildFile; fileRef = 9152311620DACA05008BC59D /* PasswordCell.swift */; };
		9152311920DACA1E008BC59D /* PasswordCell.xib in Resources */ = {isa = PBXBuildFile; fileRef = 9152311820DACA1E008BC59D /* PasswordCell.xib */; };
		9152311C20DAE2B1008BC59D /* PasswordCellChild.xib in Resources */ = {isa = PBXBuildFile; fileRef = 9152311B20DAE2B1008BC59D /* PasswordCellChild.xib */; };
		9152311E20DAE2D0008BC59D /* PasswordCellChild.swift in Sources */ = {isa = PBXBuildFile; fileRef = 9152311D20DAE2D0008BC59D /* PasswordCellChild.swift */; };
		917C0A0820DAB8FB00E5009F /* SettingsViewController.swift in Sources */ = {isa = PBXBuildFile; fileRef = 917C0A0720DAB8FB00E5009F /* SettingsViewController.swift */; };
		91C67A1220D99D1C00C5BCFD /* AppDelegate.swift in Sources */ = {isa = PBXBuildFile; fileRef = 91C67A1120D99D1C00C5BCFD /* AppDelegate.swift */; };
		91C67A1420D99D1C00C5BCFD /* BrowserViewController.swift in Sources */ = {isa = PBXBuildFile; fileRef = 91C67A1320D99D1C00C5BCFD /* BrowserViewController.swift */; };
		91C67A1720D99D1C00C5BCFD /* Main.storyboard in Resources */ = {isa = PBXBuildFile; fileRef = 91C67A1520D99D1C00C5BCFD /* Main.storyboard */; };
		91C67A1920D99D1E00C5BCFD /* Assets.xcassets in Resources */ = {isa = PBXBuildFile; fileRef = 91C67A1820D99D1E00C5BCFD /* Assets.xcassets */; };
		91C67A1C20D99D1E00C5BCFD /* LaunchScreen.storyboard in Resources */ = {isa = PBXBuildFile; fileRef = 91C67A1A20D99D1E00C5BCFD /* LaunchScreen.storyboard */; };
		91C67A2720D99D1E00C5BCFD /* SecureMatrixAutoLoginTests.swift in Sources */ = {isa = PBXBuildFile; fileRef = 91C67A2620D99D1E00C5BCFD /* SecureMatrixAutoLoginTests.swift */; };
		91C67A3220D99D1E00C5BCFD /* SecureMatrixAutoLoginUITests.swift in Sources */ = {isa = PBXBuildFile; fileRef = 91C67A3120D99D1E00C5BCFD /* SecureMatrixAutoLoginUITests.swift */; };
		C60C292A13FED5E89A676C5F /* Pods_SecureMatrixAutoLoginTests.framework in Frameworks */ = {isa = PBXBuildFile; fileRef = EA8937FF5ECB4F11095063BD /* Pods_SecureMatrixAutoLoginTests.framework */; };
/* End PBXBuildFile section */

/* Begin PBXContainerItemProxy section */
		91C67A2320D99D1E00C5BCFD /* PBXContainerItemProxy */ = {
			isa = PBXContainerItemProxy;
			containerPortal = 91C67A0620D99D1C00C5BCFD /* Project object */;
			proxyType = 1;
			remoteGlobalIDString = 91C67A0D20D99D1C00C5BCFD;
			remoteInfo = SecureMatrixAutoLogin;
		};
		91C67A2E20D99D1E00C5BCFD /* PBXContainerItemProxy */ = {
			isa = PBXContainerItemProxy;
			containerPortal = 91C67A0620D99D1C00C5BCFD /* Project object */;
			proxyType = 1;
			remoteGlobalIDString = 91C67A0D20D99D1C00C5BCFD;
			remoteInfo = SecureMatrixAutoLogin;
		};
/* End PBXContainerItemProxy section */

/* Begin PBXFileReference section */
		0A3551D9B2184D65914CDC8B /* Pods-SecureMatrixAutoLoginTests.debug.xcconfig */ = {isa = PBXFileReference; includeInIndex = 1; lastKnownFileType = text.xcconfig; name = "Pods-SecureMatrixAutoLoginTests.debug.xcconfig"; path = "Pods/Target Support Files/Pods-SecureMatrixAutoLoginTests/Pods-SecureMatrixAutoLoginTests.debug.xcconfig"; sourceTree = "<group>"; };
		0B21CF7A254D1C3C6D7EF0C7 /* Pods_SecureMatrixAutoLoginUITests.framework */ = {isa = PBXFileReference; explicitFileType = wrapper.framework; includeInIndex = 0; path = Pods_SecureMatrixAutoLoginUITests.framework; sourceTree = BUILT_PRODUCTS_DIR; };
		597F3E42CF1AA61D6276C67B /* Pods-SecureMatrixAutoLogin.release.xcconfig */ = {isa = PBXFileReference; includeInIndex = 1; lastKnownFileType = text.xcconfig; name = "Pods-SecureMatrixAutoLogin.release.xcconfig"; path = "Pods/Target Support Files/Pods-SecureMatrixAutoLogin/Pods-SecureMatrixAutoLogin.release.xcconfig"; sourceTree = "<group>"; };
		7B6997CC1F1CFEF8D963D4FB /* Pods-SecureMatrixAutoLoginTests.release.xcconfig */ = {isa = PBXFileReference; includeInIndex = 1; lastKnownFileType = text.xcconfig; name = "Pods-SecureMatrixAutoLoginTests.release.xcconfig"; path = "Pods/Target Support Files/Pods-SecureMatrixAutoLoginTests/Pods-SecureMatrixAutoLoginTests.release.xcconfig"; sourceTree = "<group>"; };
		9152311620DACA05008BC59D /* PasswordCell.swift */ = {isa = PBXFileReference; lastKnownFileType = sourcecode.swift; path = PasswordCell.swift; sourceTree = "<group>"; };
		9152311820DACA1E008BC59D /* PasswordCell.xib */ = {isa = PBXFileReference; lastKnownFileType = file.xib; path = PasswordCell.xib; sourceTree = "<group>"; };
		9152311B20DAE2B1008BC59D /* PasswordCellChild.xib */ = {isa = PBXFileReference; lastKnownFileType = file.xib; path = PasswordCellChild.xib; sourceTree = "<group>"; };
		9152311D20DAE2D0008BC59D /* PasswordCellChild.swift */ = {isa = PBXFileReference; lastKnownFileType = sourcecode.swift; path = PasswordCellChild.swift; sourceTree = "<group>"; };
		917C0A0720DAB8FB00E5009F /* SettingsViewController.swift */ = {isa = PBXFileReference; lastKnownFileType = sourcecode.swift; path = SettingsViewController.swift; sourceTree = "<group>"; };
		91C67A0E20D99D1C00C5BCFD /* SecureMatrixAutoLogin.app */ = {isa = PBXFileReference; explicitFileType = wrapper.application; includeInIndex = 0; path = SecureMatrixAutoLogin.app; sourceTree = BUILT_PRODUCTS_DIR; };
		91C67A1120D99D1C00C5BCFD /* AppDelegate.swift */ = {isa = PBXFileReference; lastKnownFileType = sourcecode.swift; path = AppDelegate.swift; sourceTree = "<group>"; };
		91C67A1320D99D1C00C5BCFD /* BrowserViewController.swift */ = {isa = PBXFileReference; lastKnownFileType = sourcecode.swift; path = BrowserViewController.swift; sourceTree = "<group>"; };
		91C67A1620D99D1C00C5BCFD /* Base */ = {isa = PBXFileReference; lastKnownFileType = file.storyboard; name = Base; path = Base.lproj/Main.storyboard; sourceTree = "<group>"; };
		91C67A1820D99D1E00C5BCFD /* Assets.xcassets */ = {isa = PBXFileReference; lastKnownFileType = folder.assetcatalog; path = Assets.xcassets; sourceTree = "<group>"; };
		91C67A1B20D99D1E00C5BCFD /* Base */ = {isa = PBXFileReference; lastKnownFileType = file.storyboard; name = Base; path = Base.lproj/LaunchScreen.storyboard; sourceTree = "<group>"; };
		91C67A1D20D99D1E00C5BCFD /* Info.plist */ = {isa = PBXFileReference; lastKnownFileType = text.plist.xml; path = Info.plist; sourceTree = "<group>"; };
		91C67A2220D99D1E00C5BCFD /* SecureMatrixAutoLoginTests.xctest */ = {isa = PBXFileReference; explicitFileType = wrapper.cfbundle; includeInIndex = 0; path = SecureMatrixAutoLoginTests.xctest; sourceTree = BUILT_PRODUCTS_DIR; };
		91C67A2620D99D1E00C5BCFD /* SecureMatrixAutoLoginTests.swift */ = {isa = PBXFileReference; lastKnownFileType = sourcecode.swift; path = SecureMatrixAutoLoginTests.swift; sourceTree = "<group>"; };
		91C67A2820D99D1E00C5BCFD /* Info.plist */ = {isa = PBXFileReference; lastKnownFileType = text.plist.xml; path = Info.plist; sourceTree = "<group>"; };
		91C67A2D20D99D1E00C5BCFD /* SecureMatrixAutoLoginUITests.xctest */ = {isa = PBXFileReference; explicitFileType = wrapper.cfbundle; includeInIndex = 0; path = SecureMatrixAutoLoginUITests.xctest; sourceTree = BUILT_PRODUCTS_DIR; };
		91C67A3120D99D1E00C5BCFD /* SecureMatrixAutoLoginUITests.swift */ = {isa = PBXFileReference; lastKnownFileType = sourcecode.swift; path = SecureMatrixAutoLoginUITests.swift; sourceTree = "<group>"; };
		91C67A3320D99D1E00C5BCFD /* Info.plist */ = {isa = PBXFileReference; lastKnownFileType = text.plist.xml; path = Info.plist; sourceTree = "<group>"; };
		9B19D16FC90BCB07D10A0D5F /* Pods_SecureMatrixAutoLogin.framework */ = {isa = PBXFileReference; explicitFileType = wrapper.framework; includeInIndex = 0; path = Pods_SecureMatrixAutoLogin.framework; sourceTree = BUILT_PRODUCTS_DIR; };
		BDB532C6250AFCC69D4C2E06 /* Pods-SecureMatrixAutoLogin.debug.xcconfig */ = {isa = PBXFileReference; includeInIndex = 1; lastKnownFileType = text.xcconfig; name = "Pods-SecureMatrixAutoLogin.debug.xcconfig"; path = "Pods/Target Support Files/Pods-SecureMatrixAutoLogin/Pods-SecureMatrixAutoLogin.debug.xcconfig"; sourceTree = "<group>"; };
		E460C8CF5DA7CDC765A4B3C1 /* Pods-SecureMatrixAutoLoginUITests.release.xcconfig */ = {isa = PBXFileReference; includeInIndex = 1; lastKnownFileType = text.xcconfig; name = "Pods-SecureMatrixAutoLoginUITests.release.xcconfig"; path = "Pods/Target Support Files/Pods-SecureMatrixAutoLoginUITests/Pods-SecureMatrixAutoLoginUITests.release.xcconfig"; sourceTree = "<group>"; };
		EA8937FF5ECB4F11095063BD /* Pods_SecureMatrixAutoLoginTests.framework */ = {isa = PBXFileReference; explicitFileType = wrapper.framework; includeInIndex = 0; path = Pods_SecureMatrixAutoLoginTests.framework; sourceTree = BUILT_PRODUCTS_DIR; };
		F0458610FEC0F619F1E7B434 /* Pods-SecureMatrixAutoLoginUITests.debug.xcconfig */ = {isa = PBXFileReference; includeInIndex = 1; lastKnownFileType = text.xcconfig; name = "Pods-SecureMatrixAutoLoginUITests.debug.xcconfig"; path = "Pods/Target Support Files/Pods-SecureMatrixAutoLoginUITests/Pods-SecureMatrixAutoLoginUITests.debug.xcconfig"; sourceTree = "<group>"; };
/* End PBXFileReference section */

/* Begin PBXFrameworksBuildPhase section */
		91C67A0B20D99D1C00C5BCFD /* Frameworks */ = {
			isa = PBXFrameworksBuildPhase;
			buildActionMask = 2147483647;
			files = (
				32B027BC7A426C1057A4B83C /* Pods_SecureMatrixAutoLogin.framework in Frameworks */,
			);
			runOnlyForDeploymentPostprocessing = 0;
		};
		91C67A1F20D99D1E00C5BCFD /* Frameworks */ = {
			isa = PBXFrameworksBuildPhase;
			buildActionMask = 2147483647;
			files = (
				C60C292A13FED5E89A676C5F /* Pods_SecureMatrixAutoLoginTests.framework in Frameworks */,
			);
			runOnlyForDeploymentPostprocessing = 0;
		};
		91C67A2A20D99D1E00C5BCFD /* Frameworks */ = {
			isa = PBXFrameworksBuildPhase;
			buildActionMask = 2147483647;
			files = (
				43A6C0CD546A03255F171BF5 /* Pods_SecureMatrixAutoLoginUITests.framework in Frameworks */,
			);
			runOnlyForDeploymentPostprocessing = 0;
		};
/* End PBXFrameworksBuildPhase section */

/* Begin PBXGroup section */
		2628D4640EA3329C9C0587F2 /* Frameworks */ = {
			isa = PBXGroup;
			children = (
				9B19D16FC90BCB07D10A0D5F /* Pods_SecureMatrixAutoLogin.framework */,
				EA8937FF5ECB4F11095063BD /* Pods_SecureMatrixAutoLoginTests.framework */,
				0B21CF7A254D1C3C6D7EF0C7 /* Pods_SecureMatrixAutoLoginUITests.framework */,
			);
			name = Frameworks;
			sourceTree = "<group>";
		};
		9152311A20DACA25008BC59D /* Parts */ = {
			isa = PBXGroup;
			children = (
				9152311820DACA1E008BC59D /* PasswordCell.xib */,
				9152311620DACA05008BC59D /* PasswordCell.swift */,
				9152311B20DAE2B1008BC59D /* PasswordCellChild.xib */,
				9152311D20DAE2D0008BC59D /* PasswordCellChild.swift */,
			);
			path = Parts;
			sourceTree = "<group>";
		};
		91C67A0520D99D1C00C5BCFD = {
			isa = PBXGroup;
			children = (
				91C67A1020D99D1C00C5BCFD /* SecureMatrixAutoLogin */,
				91C67A2520D99D1E00C5BCFD /* SecureMatrixAutoLoginTests */,
				91C67A3020D99D1E00C5BCFD /* SecureMatrixAutoLoginUITests */,
				91C67A0F20D99D1C00C5BCFD /* Products */,
				C4D481D323F6751F273D5C58 /* Pods */,
				2628D4640EA3329C9C0587F2 /* Frameworks */,
			);
			sourceTree = "<group>";
		};
		91C67A0F20D99D1C00C5BCFD /* Products */ = {
			isa = PBXGroup;
			children = (
				91C67A0E20D99D1C00C5BCFD /* SecureMatrixAutoLogin.app */,
				91C67A2220D99D1E00C5BCFD /* SecureMatrixAutoLoginTests.xctest */,
				91C67A2D20D99D1E00C5BCFD /* SecureMatrixAutoLoginUITests.xctest */,
			);
			name = Products;
			sourceTree = "<group>";
		};
		91C67A1020D99D1C00C5BCFD /* SecureMatrixAutoLogin */ = {
			isa = PBXGroup;
			children = (
				91C67A1120D99D1C00C5BCFD /* AppDelegate.swift */,
				91C67A1320D99D1C00C5BCFD /* BrowserViewController.swift */,
				917C0A0720DAB8FB00E5009F /* SettingsViewController.swift */,
				91C67A1520D99D1C00C5BCFD /* Main.storyboard */,
				9152311A20DACA25008BC59D /* Parts */,
				91C67A1820D99D1E00C5BCFD /* Assets.xcassets */,
				91C67A1A20D99D1E00C5BCFD /* LaunchScreen.storyboard */,
				91C67A1D20D99D1E00C5BCFD /* Info.plist */,
			);
			path = SecureMatrixAutoLogin;
			sourceTree = "<group>";
		};
		91C67A2520D99D1E00C5BCFD /* SecureMatrixAutoLoginTests */ = {
			isa = PBXGroup;
			children = (
				91C67A2620D99D1E00C5BCFD /* SecureMatrixAutoLoginTests.swift */,
				91C67A2820D99D1E00C5BCFD /* Info.plist */,
			);
			path = SecureMatrixAutoLoginTests;
			sourceTree = "<group>";
		};
		91C67A3020D99D1E00C5BCFD /* SecureMatrixAutoLoginUITests */ = {
			isa = PBXGroup;
			children = (
				91C67A3120D99D1E00C5BCFD /* SecureMatrixAutoLoginUITests.swift */,
				91C67A3320D99D1E00C5BCFD /* Info.plist */,
			);
			path = SecureMatrixAutoLoginUITests;
			sourceTree = "<group>";
		};
		C4D481D323F6751F273D5C58 /* Pods */ = {
			isa = PBXGroup;
			children = (
				BDB532C6250AFCC69D4C2E06 /* Pods-SecureMatrixAutoLogin.debug.xcconfig */,
				597F3E42CF1AA61D6276C67B /* Pods-SecureMatrixAutoLogin.release.xcconfig */,
				0A3551D9B2184D65914CDC8B /* Pods-SecureMatrixAutoLoginTests.debug.xcconfig */,
				7B6997CC1F1CFEF8D963D4FB /* Pods-SecureMatrixAutoLoginTests.release.xcconfig */,
				F0458610FEC0F619F1E7B434 /* Pods-SecureMatrixAutoLoginUITests.debug.xcconfig */,
				E460C8CF5DA7CDC765A4B3C1 /* Pods-SecureMatrixAutoLoginUITests.release.xcconfig */,
			);
			name = Pods;
			sourceTree = "<group>";
		};
/* End PBXGroup section */

/* Begin PBXNativeTarget section */
		91C67A0D20D99D1C00C5BCFD /* SecureMatrixAutoLogin */ = {
			isa = PBXNativeTarget;
			buildConfigurationList = 91C67A3620D99D1E00C5BCFD /* Build configuration list for PBXNativeTarget "SecureMatrixAutoLogin" */;
			buildPhases = (
				FB35CF5254CDF1335FC1DC41 /* [CP] Check Pods Manifest.lock */,
				91C67A0A20D99D1C00C5BCFD /* Sources */,
				91C67A0B20D99D1C00C5BCFD /* Frameworks */,
				91C67A0C20D99D1C00C5BCFD /* Resources */,
				D77FAAB607CAB38B933391D8 /* [CP] Embed Pods Frameworks */,
			);
			buildRules = (
			);
			dependencies = (
			);
			name = SecureMatrixAutoLogin;
			productName = SecureMatrixAutoLogin;
			productReference = 91C67A0E20D99D1C00C5BCFD /* SecureMatrixAutoLogin.app */;
			productType = "com.apple.product-type.application";
		};
		91C67A2120D99D1E00C5BCFD /* SecureMatrixAutoLoginTests */ = {
			isa = PBXNativeTarget;
			buildConfigurationList = 91C67A3920D99D1E00C5BCFD /* Build configuration list for PBXNativeTarget "SecureMatrixAutoLoginTests" */;
			buildPhases = (
				E03B39CCEA0C7CC76571A7FB /* [CP] Check Pods Manifest.lock */,
				91C67A1E20D99D1E00C5BCFD /* Sources */,
				91C67A1F20D99D1E00C5BCFD /* Frameworks */,
				91C67A2020D99D1E00C5BCFD /* Resources */,
			);
			buildRules = (
			);
			dependencies = (
				91C67A2420D99D1E00C5BCFD /* PBXTargetDependency */,
			);
			name = SecureMatrixAutoLoginTests;
			productName = SecureMatrixAutoLoginTests;
			productReference = 91C67A2220D99D1E00C5BCFD /* SecureMatrixAutoLoginTests.xctest */;
			productType = "com.apple.product-type.bundle.unit-test";
		};
		91C67A2C20D99D1E00C5BCFD /* SecureMatrixAutoLoginUITests */ = {
			isa = PBXNativeTarget;
			buildConfigurationList = 91C67A3C20D99D1E00C5BCFD /* Build configuration list for PBXNativeTarget "SecureMatrixAutoLoginUITests" */;
			buildPhases = (
				FE8DAEA083FB74074EFA835A /* [CP] Check Pods Manifest.lock */,
				91C67A2920D99D1E00C5BCFD /* Sources */,
				91C67A2A20D99D1E00C5BCFD /* Frameworks */,
				91C67A2B20D99D1E00C5BCFD /* Resources */,
			);
			buildRules = (
			);
			dependencies = (
				91C67A2F20D99D1E00C5BCFD /* PBXTargetDependency */,
			);
			name = SecureMatrixAutoLoginUITests;
			productName = SecureMatrixAutoLoginUITests;
			productReference = 91C67A2D20D99D1E00C5BCFD /* SecureMatrixAutoLoginUITests.xctest */;
			productType = "com.apple.product-type.bundle.ui-testing";
		};
/* End PBXNativeTarget section */

/* Begin PBXProject section */
		91C67A0620D99D1C00C5BCFD /* Project object */ = {
			isa = PBXProject;
			attributes = {
				LastSwiftUpdateCheck = 0940;
				LastUpgradeCheck = 0940;
				ORGANIZATIONNAME = mox;
				TargetAttributes = {
					91C67A0D20D99D1C00C5BCFD = {
						CreatedOnToolsVersion = 9.4;
					};
					91C67A2120D99D1E00C5BCFD = {
						CreatedOnToolsVersion = 9.4;
						TestTargetID = 91C67A0D20D99D1C00C5BCFD;
					};
					91C67A2C20D99D1E00C5BCFD = {
						CreatedOnToolsVersion = 9.4;
						TestTargetID = 91C67A0D20D99D1C00C5BCFD;
					};
				};
			};
			buildConfigurationList = 91C67A0920D99D1C00C5BCFD /* Build configuration list for PBXProject "SecureMatrixAutoLogin" */;
			compatibilityVersion = "Xcode 9.3";
			developmentRegion = en;
			hasScannedForEncodings = 0;
			knownRegions = (
				en,
				Base,
			);
			mainGroup = 91C67A0520D99D1C00C5BCFD;
			productRefGroup = 91C67A0F20D99D1C00C5BCFD /* Products */;
			projectDirPath = "";
			projectRoot = "";
			targets = (
				91C67A0D20D99D1C00C5BCFD /* SecureMatrixAutoLogin */,
				91C67A2120D99D1E00C5BCFD /* SecureMatrixAutoLoginTests */,
				91C67A2C20D99D1E00C5BCFD /* SecureMatrixAutoLoginUITests */,
			);
		};
/* End PBXProject section */

/* Begin PBXResourcesBuildPhase section */
		91C67A0C20D99D1C00C5BCFD /* Resources */ = {
			isa = PBXResourcesBuildPhase;
			buildActionMask = 2147483647;
			files = (
				9152311C20DAE2B1008BC59D /* PasswordCellChild.xib in Resources */,
				9152311920DACA1E008BC59D /* PasswordCell.xib in Resources */,
				91C67A1C20D99D1E00C5BCFD /* LaunchScreen.storyboard in Resources */,
				91C67A1920D99D1E00C5BCFD /* Assets.xcassets in Resources */,
				91C67A1720D99D1C00C5BCFD /* Main.storyboard in Resources */,
			);
			runOnlyForDeploymentPostprocessing = 0;
		};
		91C67A2020D99D1E00C5BCFD /* Resources */ = {
			isa = PBXResourcesBuildPhase;
			buildActionMask = 2147483647;
			files = (
			);
			runOnlyForDeploymentPostprocessing = 0;
		};
		91C67A2B20D99D1E00C5BCFD /* Resources */ = {
			isa = PBXResourcesBuildPhase;
			buildActionMask = 2147483647;
			files = (
			);
			runOnlyForDeploymentPostprocessing = 0;
		};
/* End PBXResourcesBuildPhase section */

/* Begin PBXShellScriptBuildPhase section */
		D77FAAB607CAB38B933391D8 /* [CP] Embed Pods Frameworks */ = {
			isa = PBXShellScriptBuildPhase;
			buildActionMask = 2147483647;
			files = (
			);
			inputPaths = (
				"${SRCROOT}/Pods/Target Support Files/Pods-SecureMatrixAutoLogin/Pods-SecureMatrixAutoLogin-frameworks.sh",
				"${BUILT_PRODUCTS_DIR}/TextFieldEffects/TextFieldEffects.framework",
			);
			name = "[CP] Embed Pods Frameworks";
			outputPaths = (
				"${TARGET_BUILD_DIR}/${FRAMEWORKS_FOLDER_PATH}/TextFieldEffects.framework",
			);
			runOnlyForDeploymentPostprocessing = 0;
			shellPath = /bin/sh;
			shellScript = "\"${SRCROOT}/Pods/Target Support Files/Pods-SecureMatrixAutoLogin/Pods-SecureMatrixAutoLogin-frameworks.sh\"\n";
			showEnvVarsInLog = 0;
		};
		E03B39CCEA0C7CC76571A7FB /* [CP] Check Pods Manifest.lock */ = {
			isa = PBXShellScriptBuildPhase;
			buildActionMask = 2147483647;
			files = (
			);
			inputPaths = (
				"${PODS_PODFILE_DIR_PATH}/Podfile.lock",
				"${PODS_ROOT}/Manifest.lock",
			);
			name = "[CP] Check Pods Manifest.lock";
			outputPaths = (
				"$(DERIVED_FILE_DIR)/Pods-SecureMatrixAutoLoginTests-checkManifestLockResult.txt",
			);
			runOnlyForDeploymentPostprocessing = 0;
			shellPath = /bin/sh;
			shellScript = "diff \"${PODS_PODFILE_DIR_PATH}/Podfile.lock\" \"${PODS_ROOT}/Manifest.lock\" > /dev/null\nif [ $? != 0 ] ; then\n    # print error to STDERR\n    echo \"error: The sandbox is not in sync with the Podfile.lock. Run 'pod install' or update your CocoaPods installation.\" >&2\n    exit 1\nfi\n# This output is used by Xcode 'outputs' to avoid re-running this script phase.\necho \"SUCCESS\" > \"${SCRIPT_OUTPUT_FILE_0}\"\n";
			showEnvVarsInLog = 0;
		};
		FB35CF5254CDF1335FC1DC41 /* [CP] Check Pods Manifest.lock */ = {
			isa = PBXShellScriptBuildPhase;
			buildActionMask = 2147483647;
			files = (
			);
			inputPaths = (
				"${PODS_PODFILE_DIR_PATH}/Podfile.lock",
				"${PODS_ROOT}/Manifest.lock",
			);
			name = "[CP] Check Pods Manifest.lock";
			outputPaths = (
				"$(DERIVED_FILE_DIR)/Pods-SecureMatrixAutoLogin-checkManifestLockResult.txt",
			);
			runOnlyForDeploymentPostprocessing = 0;
			shellPath = /bin/sh;
			shellScript = "diff \"${PODS_PODFILE_DIR_PATH}/Podfile.lock\" \"${PODS_ROOT}/Manifest.lock\" > /dev/null\nif [ $? != 0 ] ; then\n    # print error to STDERR\n    echo \"error: The sandbox is not in sync with the Podfile.lock. Run 'pod install' or update your CocoaPods installation.\" >&2\n    exit 1\nfi\n# This output is used by Xcode 'outputs' to avoid re-running this script phase.\necho \"SUCCESS\" > \"${SCRIPT_OUTPUT_FILE_0}\"\n";
			showEnvVarsInLog = 0;
		};
		FE8DAEA083FB74074EFA835A /* [CP] Check Pods Manifest.lock */ = {
			isa = PBXShellScriptBuildPhase;
			buildActionMask = 2147483647;
			files = (
			);
			inputPaths = (
				"${PODS_PODFILE_DIR_PATH}/Podfile.lock",
				"${PODS_ROOT}/Manifest.lock",
			);
			name = "[CP] Check Pods Manifest.lock";
			outputPaths = (
				"$(DERIVED_FILE_DIR)/Pods-SecureMatrixAutoLoginUITests-checkManifestLockResult.txt",
			);
			runOnlyForDeploymentPostprocessing = 0;
			shellPath = /bin/sh;
			shellScript = "diff \"${PODS_PODFILE_DIR_PATH}/Podfile.lock\" \"${PODS_ROOT}/Manifest.lock\" > /dev/null\nif [ $? != 0 ] ; then\n    # print error to STDERR\n    echo \"error: The sandbox is not in sync with the Podfile.lock. Run 'pod install' or update your CocoaPods installation.\" >&2\n    exit 1\nfi\n# This output is used by Xcode 'outputs' to avoid re-running this script phase.\necho \"SUCCESS\" > \"${SCRIPT_OUTPUT_FILE_0}\"\n";
			showEnvVarsInLog = 0;
		};
/* End PBXShellScriptBuildPhase section */

/* Begin PBXSourcesBuildPhase section */
		91C67A0A20D99D1C00C5BCFD /* Sources */ = {
			isa = PBXSourcesBuildPhase;
			buildActionMask = 2147483647;
			files = (
				9152311720DACA05008BC59D /* PasswordCell.swift in Sources */,
				91C67A1420D99D1C00C5BCFD /* BrowserViewController.swift in Sources */,
				91C67A1220D99D1C00C5BCFD /* AppDelegate.swift in Sources */,
				917C0A0820DAB8FB00E5009F /* SettingsViewController.swift in Sources */,
				9152311E20DAE2D0008BC59D /* PasswordCellChild.swift in Sources */,
			);
			runOnlyForDeploymentPostprocessing = 0;
		};
		91C67A1E20D99D1E00C5BCFD /* Sources */ = {
			isa = PBXSourcesBuildPhase;
			buildActionMask = 2147483647;
			files = (
				91C67A2720D99D1E00C5BCFD /* SecureMatrixAutoLoginTests.swift in Sources */,
			);
			runOnlyForDeploymentPostprocessing = 0;
		};
		91C67A2920D99D1E00C5BCFD /* Sources */ = {
			isa = PBXSourcesBuildPhase;
			buildActionMask = 2147483647;
			files = (
				91C67A3220D99D1E00C5BCFD /* SecureMatrixAutoLoginUITests.swift in Sources */,
			);
			runOnlyForDeploymentPostprocessing = 0;
		};
/* End PBXSourcesBuildPhase section */

/* Begin PBXTargetDependency section */
		91C67A2420D99D1E00C5BCFD /* PBXTargetDependency */ = {
			isa = PBXTargetDependency;
			target = 91C67A0D20D99D1C00C5BCFD /* SecureMatrixAutoLogin */;
			targetProxy = 91C67A2320D99D1E00C5BCFD /* PBXContainerItemProxy */;
		};
		91C67A2F20D99D1E00C5BCFD /* PBXTargetDependency */ = {
			isa = PBXTargetDependency;
			target = 91C67A0D20D99D1C00C5BCFD /* SecureMatrixAutoLogin */;
			targetProxy = 91C67A2E20D99D1E00C5BCFD /* PBXContainerItemProxy */;
		};
/* End PBXTargetDependency section */

/* Begin PBXVariantGroup section */
		91C67A1520D99D1C00C5BCFD /* Main.storyboard */ = {
			isa = PBXVariantGroup;
			children = (
				91C67A1620D99D1C00C5BCFD /* Base */,
			);
			name = Main.storyboard;
			sourceTree = "<group>";
		};
		91C67A1A20D99D1E00C5BCFD /* LaunchScreen.storyboard */ = {
			isa = PBXVariantGroup;
			children = (
				91C67A1B20D99D1E00C5BCFD /* Base */,
			);
			name = LaunchScreen.storyboard;
			sourceTree = "<group>";
		};
/* End PBXVariantGroup section */

/* Begin XCBuildConfiguration section */
		91C67A3420D99D1E00C5BCFD /* Debug */ = {
			isa = XCBuildConfiguration;
			buildSettings = {
				ALWAYS_SEARCH_USER_PATHS = NO;
				CLANG_ANALYZER_NONNULL = YES;
				CLANG_ANALYZER_NUMBER_OBJECT_CONVERSION = YES_AGGRESSIVE;
				CLANG_CXX_LANGUAGE_STANDARD = "gnu++14";
				CLANG_CXX_LIBRARY = "libc++";
				CLANG_ENABLE_MODULES = YES;
				CLANG_ENABLE_OBJC_ARC = YES;
				CLANG_ENABLE_OBJC_WEAK = YES;
				CLANG_WARN_BLOCK_CAPTURE_AUTORELEASING = YES;
				CLANG_WARN_BOOL_CONVERSION = YES;
				CLANG_WARN_COMMA = YES;
				CLANG_WARN_CONSTANT_CONVERSION = YES;
				CLANG_WARN_DEPRECATED_OBJC_IMPLEMENTATIONS = YES;
				CLANG_WARN_DIRECT_OBJC_ISA_USAGE = YES_ERROR;
				CLANG_WARN_DOCUMENTATION_COMMENTS = YES;
				CLANG_WARN_EMPTY_BODY = YES;
				CLANG_WARN_ENUM_CONVERSION = YES;
				CLANG_WARN_INFINITE_RECURSION = YES;
				CLANG_WARN_INT_CONVERSION = YES;
				CLANG_WARN_NON_LITERAL_NULL_CONVERSION = YES;
				CLANG_WARN_OBJC_IMPLICIT_RETAIN_SELF = YES;
				CLANG_WARN_OBJC_LITERAL_CONVERSION = YES;
				CLANG_WARN_OBJC_ROOT_CLASS = YES_ERROR;
				CLANG_WARN_RANGE_LOOP_ANALYSIS = YES;
				CLANG_WARN_STRICT_PROTOTYPES = YES;
				CLANG_WARN_SUSPICIOUS_MOVE = YES;
				CLANG_WARN_UNGUARDED_AVAILABILITY = YES_AGGRESSIVE;
				CLANG_WARN_UNREACHABLE_CODE = YES;
				CLANG_WARN__DUPLICATE_METHOD_MATCH = YES;
				CODE_SIGN_IDENTITY = "iPhone Developer";
				COPY_PHASE_STRIP = NO;
				DEBUG_INFORMATION_FORMAT = dwarf;
				ENABLE_STRICT_OBJC_MSGSEND = YES;
				ENABLE_TESTABILITY = YES;
				GCC_C_LANGUAGE_STANDARD = gnu11;
				GCC_DYNAMIC_NO_PIC = NO;
				GCC_NO_COMMON_BLOCKS = YES;
				GCC_OPTIMIZATION_LEVEL = 0;
				GCC_PREPROCESSOR_DEFINITIONS = (
					"DEBUG=1",
					"$(inherited)",
				);
				GCC_WARN_64_TO_32_BIT_CONVERSION = YES;
				GCC_WARN_ABOUT_RETURN_TYPE = YES_ERROR;
				GCC_WARN_UNDECLARED_SELECTOR = YES;
				GCC_WARN_UNINITIALIZED_AUTOS = YES_AGGRESSIVE;
				GCC_WARN_UNUSED_FUNCTION = YES;
				GCC_WARN_UNUSED_VARIABLE = YES;
				IPHONEOS_DEPLOYMENT_TARGET = 11.4;
				MTL_ENABLE_DEBUG_INFO = YES;
				ONLY_ACTIVE_ARCH = YES;
				SDKROOT = iphoneos;
				SWIFT_ACTIVE_COMPILATION_CONDITIONS = DEBUG;
				SWIFT_OPTIMIZATION_LEVEL = "-Onone";
			};
			name = Debug;
		};
		91C67A3520D99D1E00C5BCFD /* Release */ = {
			isa = XCBuildConfiguration;
			buildSettings = {
				ALWAYS_SEARCH_USER_PATHS = NO;
				CLANG_ANALYZER_NONNULL = YES;
				CLANG_ANALYZER_NUMBER_OBJECT_CONVERSION = YES_AGGRESSIVE;
				CLANG_CXX_LANGUAGE_STANDARD = "gnu++14";
				CLANG_CXX_LIBRARY = "libc++";
				CLANG_ENABLE_MODULES = YES;
				CLANG_ENABLE_OBJC_ARC = YES;
				CLANG_ENABLE_OBJC_WEAK = YES;
				CLANG_WARN_BLOCK_CAPTURE_AUTORELEASING = YES;
				CLANG_WARN_BOOL_CONVERSION = YES;
				CLANG_WARN_COMMA = YES;
				CLANG_WARN_CONSTANT_CONVERSION = YES;
				CLANG_WARN_DEPRECATED_OBJC_IMPLEMENTATIONS = YES;
				CLANG_WARN_DIRECT_OBJC_ISA_USAGE = YES_ERROR;
				CLANG_WARN_DOCUMENTATION_COMMENTS = YES;
				CLANG_WARN_EMPTY_BODY = YES;
				CLANG_WARN_ENUM_CONVERSION = YES;
				CLANG_WARN_INFINITE_RECURSION = YES;
				CLANG_WARN_INT_CONVERSION = YES;
				CLANG_WARN_NON_LITERAL_NULL_CONVERSION = YES;
				CLANG_WARN_OBJC_IMPLICIT_RETAIN_SELF = YES;
				CLANG_WARN_OBJC_LITERAL_CONVERSION = YES;
				CLANG_WARN_OBJC_ROOT_CLASS = YES_ERROR;
				CLANG_WARN_RANGE_LOOP_ANALYSIS = YES;
				CLANG_WARN_STRICT_PROTOTYPES = YES;
				CLANG_WARN_SUSPICIOUS_MOVE = YES;
				CLANG_WARN_UNGUARDED_AVAILABILITY = YES_AGGRESSIVE;
				CLANG_WARN_UNREACHABLE_CODE = YES;
				CLANG_WARN__DUPLICATE_METHOD_MATCH = YES;
				CODE_SIGN_IDENTITY = "iPhone Developer";
				COPY_PHASE_STRIP = NO;
				DEBUG_INFORMATION_FORMAT = "dwarf-with-dsym";
				ENABLE_NS_ASSERTIONS = NO;
				ENABLE_STRICT_OBJC_MSGSEND = YES;
				GCC_C_LANGUAGE_STANDARD = gnu11;
				GCC_NO_COMMON_BLOCKS = YES;
				GCC_WARN_64_TO_32_BIT_CONVERSION = YES;
				GCC_WARN_ABOUT_RETURN_TYPE = YES_ERROR;
				GCC_WARN_UNDECLARED_SELECTOR = YES;
				GCC_WARN_UNINITIALIZED_AUTOS = YES_AGGRESSIVE;
				GCC_WARN_UNUSED_FUNCTION = YES;
				GCC_WARN_UNUSED_VARIABLE = YES;
				IPHONEOS_DEPLOYMENT_TARGET = 11.4;
				MTL_ENABLE_DEBUG_INFO = NO;
				SDKROOT = iphoneos;
				SWIFT_COMPILATION_MODE = wholemodule;
				SWIFT_OPTIMIZATION_LEVEL = "-O";
				VALIDATE_PRODUCT = YES;
			};
			name = Release;
		};
		91C67A3720D99D1E00C5BCFD /* Debug */ = {
			isa = XCBuildConfiguration;
			baseConfigurationReference = BDB532C6250AFCC69D4C2E06 /* Pods-SecureMatrixAutoLogin.debug.xcconfig */;
			buildSettings = {
				ASSETCATALOG_COMPILER_APPICON_NAME = AppIcon;
				CODE_SIGN_STYLE = Automatic;
				DEVELOPMENT_TEAM = MUBKJR7U7A;
				INFOPLIST_FILE = SecureMatrixAutoLogin/Info.plist;
				IPHONEOS_DEPLOYMENT_TARGET = 11.0;
				LD_RUNPATH_SEARCH_PATHS = (
					"$(inherited)",
					"@executable_path/Frameworks",
				);
				PRODUCT_BUNDLE_IDENTIFIER = si.mox.SecureMatrixAutoLogin;
				PRODUCT_NAME = "$(TARGET_NAME)";
				SWIFT_VERSION = 4.0;
				TARGETED_DEVICE_FAMILY = "1,2";
			};
			name = Debug;
		};
		91C67A3820D99D1E00C5BCFD /* Release */ = {
			isa = XCBuildConfiguration;
			baseConfigurationReference = 597F3E42CF1AA61D6276C67B /* Pods-SecureMatrixAutoLogin.release.xcconfig */;
			buildSettings = {
				ASSETCATALOG_COMPILER_APPICON_NAME = AppIcon;
				CODE_SIGN_STYLE = Automatic;
				DEVELOPMENT_TEAM = MUBKJR7U7A;
				INFOPLIST_FILE = SecureMatrixAutoLogin/Info.plist;
				IPHONEOS_DEPLOYMENT_TARGET = 11.0;
				LD_RUNPATH_SEARCH_PATHS = (
					"$(inherited)",
					"@executable_path/Frameworks",
				);
				PRODUCT_BUNDLE_IDENTIFIER = si.mox.SecureMatrixAutoLogin;
				PRODUCT_NAME = "$(TARGET_NAME)";
				SWIFT_VERSION = 4.0;
				TARGETED_DEVICE_FAMILY = "1,2";
			};
			name = Release;
		};
		91C67A3A20D99D1E00C5BCFD /* Debug */ = {
			isa = XCBuildConfiguration;
			baseConfigurationReference = 0A3551D9B2184D65914CDC8B /* Pods-SecureMatrixAutoLoginTests.debug.xcconfig */;
			buildSettings = {
				ALWAYS_EMBED_SWIFT_STANDARD_LIBRARIES = YES;
				BUNDLE_LOADER = "$(TEST_HOST)";
				CODE_SIGN_STYLE = Automatic;
				INFOPLIST_FILE = SecureMatrixAutoLoginTests/Info.plist;
				LD_RUNPATH_SEARCH_PATHS = (
					"$(inherited)",
					"@executable_path/Frameworks",
					"@loader_path/Frameworks",
				);
				PRODUCT_BUNDLE_IDENTIFIER = si.mox.SecureMatrixAutoLoginTests;
				PRODUCT_NAME = "$(TARGET_NAME)";
				SWIFT_VERSION = 4.0;
				TARGETED_DEVICE_FAMILY = "1,2";
				TEST_HOST = "$(BUILT_PRODUCTS_DIR)/SecureMatrixAutoLogin.app/SecureMatrixAutoLogin";
			};
			name = Debug;
		};
		91C67A3B20D99D1E00C5BCFD /* Release */ = {
			isa = XCBuildConfiguration;
			baseConfigurationReference = 7B6997CC1F1CFEF8D963D4FB /* Pods-SecureMatrixAutoLoginTests.release.xcconfig */;
			buildSettings = {
				ALWAYS_EMBED_SWIFT_STANDARD_LIBRARIES = YES;
				BUNDLE_LOADER = "$(TEST_HOST)";
				CODE_SIGN_STYLE = Automatic;
				INFOPLIST_FILE = SecureMatrixAutoLoginTests/Info.plist;
				LD_RUNPATH_SEARCH_PATHS = (
					"$(inherited)",
					"@executable_path/Frameworks",
					"@loader_path/Frameworks",
				);
				PRODUCT_BUNDLE_IDENTIFIER = si.mox.SecureMatrixAutoLoginTests;
				PRODUCT_NAME = "$(TARGET_NAME)";
				SWIFT_VERSION = 4.0;
				TARGETED_DEVICE_FAMILY = "1,2";
				TEST_HOST = "$(BUILT_PRODUCTS_DIR)/SecureMatrixAutoLogin.app/SecureMatrixAutoLogin";
			};
			name = Release;
		};
		91C67A3D20D99D1E00C5BCFD /* Debug */ = {
			isa = XCBuildConfiguration;
			baseConfigurationReference = F0458610FEC0F619F1E7B434 /* Pods-SecureMatrixAutoLoginUITests.debug.xcconfig */;
			buildSettings = {
				ALWAYS_EMBED_SWIFT_STANDARD_LIBRARIES = YES;
				CODE_SIGN_STYLE = Automatic;
				INFOPLIST_FILE = SecureMatrixAutoLoginUITests/Info.plist;
				LD_RUNPATH_SEARCH_PATHS = (
					"$(inherited)",
					"@executable_path/Frameworks",
					"@loader_path/Frameworks",
				);
				PRODUCT_BUNDLE_IDENTIFIER = si.mox.SecureMatrixAutoLoginUITests;
				PRODUCT_NAME = "$(TARGET_NAME)";
				SWIFT_VERSION = 4.0;
				TARGETED_DEVICE_FAMILY = "1,2";
				TEST_TARGET_NAME = SecureMatrixAutoLogin;
			};
			name = Debug;
		};
		91C67A3E20D99D1E00C5BCFD /* Release */ = {
			isa = XCBuildConfiguration;
			baseConfigurationReference = E460C8CF5DA7CDC765A4B3C1 /* Pods-SecureMatrixAutoLoginUITests.release.xcconfig */;
			buildSettings = {
				ALWAYS_EMBED_SWIFT_STANDARD_LIBRARIES = YES;
				CODE_SIGN_STYLE = Automatic;
				INFOPLIST_FILE = SecureMatrixAutoLoginUITests/Info.plist;
				LD_RUNPATH_SEARCH_PATHS = (
					"$(inherited)",
					"@executable_path/Frameworks",
					"@loader_path/Frameworks",
				);
				PRODUCT_BUNDLE_IDENTIFIER = si.mox.SecureMatrixAutoLoginUITests;
				PRODUCT_NAME = "$(TARGET_NAME)";
				SWIFT_VERSION = 4.0;
				TARGETED_DEVICE_FAMILY = "1,2";
				TEST_TARGET_NAME = SecureMatrixAutoLogin;
			};
			name = Release;
		};
/* End XCBuildConfiguration section */

/* Begin XCConfigurationList section */
		91C67A0920D99D1C00C5BCFD /* Build configuration list for PBXProject "SecureMatrixAutoLogin" */ = {
			isa = XCConfigurationList;
			buildConfigurations = (
				91C67A3420D99D1E00C5BCFD /* Debug */,
				91C67A3520D99D1E00C5BCFD /* Release */,
			);
			defaultConfigurationIsVisible = 0;
			defaultConfigurationName = Release;
		};
		91C67A3620D99D1E00C5BCFD /* Build configuration list for PBXNativeTarget "SecureMatrixAutoLogin" */ = {
			isa = XCConfigurationList;
			buildConfigurations = (
				91C67A3720D99D1E00C5BCFD /* Debug */,
				91C67A3820D99D1E00C5BCFD /* Release */,
			);
			defaultConfigurationIsVisible = 0;
			defaultConfigurationName = Release;
		};
		91C67A3920D99D1E00C5BCFD /* Build configuration list for PBXNativeTarget "SecureMatrixAutoLoginTests" */ = {
			isa = XCConfigurationList;
			buildConfigurations = (
				91C67A3A20D99D1E00C5BCFD /* Debug */,
				91C67A3B20D99D1E00C5BCFD /* Release */,
			);
			defaultConfigurationIsVisible = 0;
			defaultConfigurationName = Release;
		};
		91C67A3C20D99D1E00C5BCFD /* Build configuration list for PBXNativeTarget "SecureMatrixAutoLoginUITests" */ = {
			isa = XCConfigurationList;
			buildConfigurations = (
				91C67A3D20D99D1E00C5BCFD /* Debug */,
				91C67A3E20D99D1E00C5BCFD /* Release */,
			);
			defaultConfigurationIsVisible = 0;
			defaultConfigurationName = Release;
		};
/* End XCConfigurationList section */
	};
	rootObject = 91C67A0620D99D1C00C5BCFD /* Project object */;
}
